// !$*UTF8*$!
{
	archiveVersion = 1;
	classes = {
	};
	objectVersion = 50;
	objects = {

/* Begin PBXBuildFile section */
		5502EA0B2525B40F00D8BCAF /* SymptomsViewController.swift in Sources */ = {isa = PBXBuildFile; fileRef = 5502EA0A2525B40F00D8BCAF /* SymptomsViewController.swift */; };
		5502EA102525BB7A00D8BCAF /* stepsViewController.swift in Sources */ = {isa = PBXBuildFile; fileRef = 5502EA0F2525BB7900D8BCAF /* stepsViewController.swift */; };
		5502EA152526F94800D8BCAF /* HapticFeedback.swift in Sources */ = {isa = PBXBuildFile; fileRef = 5502EA142526F94800D8BCAF /* HapticFeedback.swift */; };
		5518AD0825234CCE00A7A102 /* COVIDDetector.mlmodel in Sources */ = {isa = PBXBuildFile; fileRef = 5518AD0725234CCE00A7A102 /* COVIDDetector.mlmodel */; };
		5518AD1E25235E1A00A7A102 /* DiagnoseViewController.swift in Sources */ = {isa = PBXBuildFile; fileRef = 5518AD1D25235E1A00A7A102 /* DiagnoseViewController.swift */; };
		5518AD23252362D100A7A102 /* PositiveViewController.swift in Sources */ = {isa = PBXBuildFile; fileRef = 5518AD22252362D100A7A102 /* PositiveViewController.swift */; };
		5518AD28252362DA00A7A102 /* NegativeViewController.swift in Sources */ = {isa = PBXBuildFile; fileRef = 5518AD27252362DA00A7A102 /* NegativeViewController.swift */; };
		551A3F9F2523481400BF08B7 /* AppDelegate.swift in Sources */ = {isa = PBXBuildFile; fileRef = 551A3F9E2523481400BF08B7 /* AppDelegate.swift */; };
		551A3FA12523481400BF08B7 /* SceneDelegate.swift in Sources */ = {isa = PBXBuildFile; fileRef = 551A3FA02523481400BF08B7 /* SceneDelegate.swift */; };
		551A3FA32523481400BF08B7 /* MainViewController.swift in Sources */ = {isa = PBXBuildFile; fileRef = 551A3FA22523481400BF08B7 /* MainViewController.swift */; };
		551A3FB62523481500BF08B7 /* COVID_TODAYTests.swift in Sources */ = {isa = PBXBuildFile; fileRef = 551A3FB52523481500BF08B7 /* COVID_TODAYTests.swift */; };
		551A3FC12523481500BF08B7 /* COVID_TODAYUITests.swift in Sources */ = {isa = PBXBuildFile; fileRef = 551A3FC02523481500BF08B7 /* COVID_TODAYUITests.swift */; };
		552DBE462524FEA4001BD23C /* HelpViewController.swift in Sources */ = {isa = PBXBuildFile; fileRef = 552DBE452524FEA4001BD23C /* HelpViewController.swift */; };
		554369EC252486EA008A657F /* DatabaseHelper.swift in Sources */ = {isa = PBXBuildFile; fileRef = 554369EB252486EA008A657F /* DatabaseHelper.swift */; };
		55587A1A25D43413004E6952 /* WidgetKit.framework in Frameworks */ = {isa = PBXBuildFile; fileRef = 55587A1925D43413004E6952 /* WidgetKit.framework */; };
		55587A1C25D43413004E6952 /* SwiftUI.framework in Frameworks */ = {isa = PBXBuildFile; fileRef = 55587A1B25D43413004E6952 /* SwiftUI.framework */; };
		55587A1F25D43413004E6952 /* COVIDTodayWidget.swift in Sources */ = {isa = PBXBuildFile; fileRef = 55587A1E25D43413004E6952 /* COVIDTodayWidget.swift */; };
		55587A2225D43414004E6952 /* Assets.xcassets in Resources */ = {isa = PBXBuildFile; fileRef = 55587A2125D43414004E6952 /* Assets.xcassets */; };
		55587A2425D43414004E6952 /* COVIDTodayWidget.intentdefinition in Sources */ = {isa = PBXBuildFile; fileRef = 55587A2025D43413004E6952 /* COVIDTodayWidget.intentdefinition */; };
		55587A2525D43414004E6952 /* COVIDTodayWidget.intentdefinition in Sources */ = {isa = PBXBuildFile; fileRef = 55587A2025D43413004E6952 /* COVIDTodayWidget.intentdefinition */; };
		55587A2825D43414004E6952 /* COVIDTodayWidgetExtension.appex in Embed App Extensions */ = {isa = PBXBuildFile; fileRef = 55587A1825D43412004E6952 /* COVIDTodayWidgetExtension.appex */; settings = {ATTRIBUTES = (RemoveHeadersOnCopy, ); }; };
		55587A3125D43661004E6952 /* CoronaCaseData.swift in Sources */ = {isa = PBXBuildFile; fileRef = 55E0375425249BEF00ABB409 /* CoronaCaseData.swift */; };
		55587A4125D436C2004E6952 /* COVIDCase.swift in Sources */ = {isa = PBXBuildFile; fileRef = 55587A4025D436C2004E6952 /* COVIDCase.swift */; };
		55587A4E25D43AA2004E6952 /* ctSmallWidget.swift in Sources */ = {isa = PBXBuildFile; fileRef = 55587A4D25D43AA2004E6952 /* ctSmallWidget.swift */; };
		55587A5425D43AB2004E6952 /* ctMediumWidget.swift in Sources */ = {isa = PBXBuildFile; fileRef = 55587A5325D43AB2004E6952 /* ctMediumWidget.swift */; };
		55587A5D25D447D2004E6952 /* DataProvider.swift in Sources */ = {isa = PBXBuildFile; fileRef = 55587A4625D439E3004E6952 /* DataProvider.swift */; };
		55587A6A25D4CD0A004E6952 /* MainViewController.swift in Sources */ = {isa = PBXBuildFile; fileRef = 551A3FA22523481400BF08B7 /* MainViewController.swift */; };
		55587A6F25D4D0AC004E6952 /* HapticFeedback.swift in Sources */ = {isa = PBXBuildFile; fileRef = 5502EA142526F94800D8BCAF /* HapticFeedback.swift */; };
		55587A7425D4D0CD004E6952 /* OnboardingViewController.swift in Sources */ = {isa = PBXBuildFile; fileRef = 5593BCCC252735BC00513E6F /* OnboardingViewController.swift */; };
		55587A7925D4D0D0004E6952 /* MapCoordinates.swift in Sources */ = {isa = PBXBuildFile; fileRef = 55EFAB0B252710FA00DF7659 /* MapCoordinates.swift */; };
		5593BCCD252735BC00513E6F /* OnboardingViewController.swift in Sources */ = {isa = PBXBuildFile; fileRef = 5593BCCC252735BC00513E6F /* OnboardingViewController.swift */; };
		55AC434325242CA5000C988A /* UserProfileDataModel.xcdatamodeld in Sources */ = {isa = PBXBuildFile; fileRef = 55AC434125242CA5000C988A /* UserProfileDataModel.xcdatamodeld */; };
		55AC434B25242F78000C988A /* ProfileViewController.swift in Sources */ = {isa = PBXBuildFile; fileRef = 55AC434A25242F78000C988A /* ProfileViewController.swift */; };
		55AC435025243C6F000C988A /* AddDetailsViewController.swift in Sources */ = {isa = PBXBuildFile; fileRef = 55AC434F25243C6F000C988A /* AddDetailsViewController.swift */; };
		55E0375525249BEF00ABB409 /* CoronaCaseData.swift in Sources */ = {isa = PBXBuildFile; fileRef = 55E0375425249BEF00ABB409 /* CoronaCaseData.swift */; };
		55E85C3F2524893500CFD7CD /* Assets.xcassets in Resources */ = {isa = PBXBuildFile; fileRef = 551A3FA72523481500BF08B7 /* Assets.xcassets */; };
		55E85C432524893D00CFD7CD /* Main.storyboard in Resources */ = {isa = PBXBuildFile; fileRef = 551A3FA42523481400BF08B7 /* Main.storyboard */; };
		55E85C472524894300CFD7CD /* LaunchScreen.storyboard in Resources */ = {isa = PBXBuildFile; fileRef = 551A3FA92523481500BF08B7 /* LaunchScreen.storyboard */; };
		55E85C4E2524895300CFD7CD /* CoreData.framework in Frameworks */ = {isa = PBXBuildFile; fileRef = 554369E925248634008A657F /* CoreData.framework */; };
		55E85C5A252489D600CFD7CD /* User+CoreDataClass.swift in Sources */ = {isa = PBXBuildFile; fileRef = 55E85C58252489D600CFD7CD /* User+CoreDataClass.swift */; };
		55E85C5B252489D600CFD7CD /* User+CoreDataProperties.swift in Sources */ = {isa = PBXBuildFile; fileRef = 55E85C59252489D600CFD7CD /* User+CoreDataProperties.swift */; };
		55EFAB0C252710FA00DF7659 /* MapCoordinates.swift in Sources */ = {isa = PBXBuildFile; fileRef = 55EFAB0B252710FA00DF7659 /* MapCoordinates.swift */; };
/* End PBXBuildFile section */

/* Begin PBXContainerItemProxy section */
		551A3FB22523481500BF08B7 /* PBXContainerItemProxy */ = {
			isa = PBXContainerItemProxy;
			containerPortal = 551A3F932523481400BF08B7 /* Project object */;
			proxyType = 1;
			remoteGlobalIDString = 551A3F9A2523481400BF08B7;
			remoteInfo = "COVID TODAY";
		};
		551A3FBD2523481500BF08B7 /* PBXContainerItemProxy */ = {
			isa = PBXContainerItemProxy;
			containerPortal = 551A3F932523481400BF08B7 /* Project object */;
			proxyType = 1;
			remoteGlobalIDString = 551A3F9A2523481400BF08B7;
			remoteInfo = "COVID TODAY";
		};
		55587A2625D43414004E6952 /* PBXContainerItemProxy */ = {
			isa = PBXContainerItemProxy;
			containerPortal = 551A3F932523481400BF08B7 /* Project object */;
			proxyType = 1;
			remoteGlobalIDString = 55587A1725D43412004E6952;
			remoteInfo = COVIDTodayWidgetExtension;
		};
/* End PBXContainerItemProxy section */

/* Begin PBXCopyFilesBuildPhase section */
		55587A2925D43414004E6952 /* Embed App Extensions */ = {
			isa = PBXCopyFilesBuildPhase;
			buildActionMask = 2147483647;
			dstPath = "";
			dstSubfolderSpec = 13;
			files = (
				55587A2825D43414004E6952 /* COVIDTodayWidgetExtension.appex in Embed App Extensions */,
			);
			name = "Embed App Extensions";
			runOnlyForDeploymentPostprocessing = 0;
		};
/* End PBXCopyFilesBuildPhase section */

/* Begin PBXFileReference section */
		5502EA0A2525B40F00D8BCAF /* SymptomsViewController.swift */ = {isa = PBXFileReference; lastKnownFileType = sourcecode.swift; name = SymptomsViewController.swift; path = "COVID TODAY/VIEW/SymptomsViewController.swift"; sourceTree = SOURCE_ROOT; };
		5502EA0F2525BB7900D8BCAF /* stepsViewController.swift */ = {isa = PBXFileReference; lastKnownFileType = sourcecode.swift; name = stepsViewController.swift; path = "COVID TODAY/VIEW/stepsViewController.swift"; sourceTree = SOURCE_ROOT; };
		5502EA142526F94800D8BCAF /* HapticFeedback.swift */ = {isa = PBXFileReference; lastKnownFileType = sourcecode.swift; name = HapticFeedback.swift; path = "COVID TODAY/HapticFeedback.swift"; sourceTree = SOURCE_ROOT; };
		5518AD0725234CCE00A7A102 /* COVIDDetector.mlmodel */ = {isa = PBXFileReference; lastKnownFileType = file.mlmodel; path = COVIDDetector.mlmodel; sourceTree = "<group>"; };
		5518AD1D25235E1A00A7A102 /* DiagnoseViewController.swift */ = {isa = PBXFileReference; lastKnownFileType = sourcecode.swift; name = DiagnoseViewController.swift; path = "COVID TODAY/VIEW/DiagnoseViewController.swift"; sourceTree = SOURCE_ROOT; };
		5518AD22252362D100A7A102 /* PositiveViewController.swift */ = {isa = PBXFileReference; lastKnownFileType = sourcecode.swift; name = PositiveViewController.swift; path = "COVID TODAY/VIEW/PositiveViewController.swift"; sourceTree = SOURCE_ROOT; };
		5518AD27252362DA00A7A102 /* NegativeViewController.swift */ = {isa = PBXFileReference; lastKnownFileType = sourcecode.swift; path = NegativeViewController.swift; sourceTree = "<group>"; };
		551A3F9B2523481400BF08B7 /* COVID TODAY.app */ = {isa = PBXFileReference; explicitFileType = wrapper.application; includeInIndex = 0; path = "COVID TODAY.app"; sourceTree = BUILT_PRODUCTS_DIR; };
		551A3F9E2523481400BF08B7 /* AppDelegate.swift */ = {isa = PBXFileReference; lastKnownFileType = sourcecode.swift; path = AppDelegate.swift; sourceTree = "<group>"; };
		551A3FA02523481400BF08B7 /* SceneDelegate.swift */ = {isa = PBXFileReference; lastKnownFileType = sourcecode.swift; path = SceneDelegate.swift; sourceTree = "<group>"; };
		551A3FA22523481400BF08B7 /* MainViewController.swift */ = {isa = PBXFileReference; lastKnownFileType = sourcecode.swift; path = MainViewController.swift; sourceTree = "<group>"; };
		551A3FA52523481400BF08B7 /* Base */ = {isa = PBXFileReference; lastKnownFileType = file.storyboard; name = Base; path = Base.lproj/Main.storyboard; sourceTree = "<group>"; };
		551A3FA72523481500BF08B7 /* Assets.xcassets */ = {isa = PBXFileReference; lastKnownFileType = folder.assetcatalog; path = Assets.xcassets; sourceTree = "<group>"; };
		551A3FAA2523481500BF08B7 /* Base */ = {isa = PBXFileReference; lastKnownFileType = file.storyboard; name = Base; path = Base.lproj/LaunchScreen.storyboard; sourceTree = "<group>"; };
		551A3FAC2523481500BF08B7 /* Info.plist */ = {isa = PBXFileReference; lastKnownFileType = text.plist.xml; path = Info.plist; sourceTree = "<group>"; };
		551A3FB12523481500BF08B7 /* COVID TODAYTests.xctest */ = {isa = PBXFileReference; explicitFileType = wrapper.cfbundle; includeInIndex = 0; path = "COVID TODAYTests.xctest"; sourceTree = BUILT_PRODUCTS_DIR; };
		551A3FB52523481500BF08B7 /* COVID_TODAYTests.swift */ = {isa = PBXFileReference; lastKnownFileType = sourcecode.swift; path = COVID_TODAYTests.swift; sourceTree = "<group>"; };
		551A3FB72523481500BF08B7 /* Info.plist */ = {isa = PBXFileReference; lastKnownFileType = text.plist.xml; path = Info.plist; sourceTree = "<group>"; };
		551A3FBC2523481500BF08B7 /* COVID TODAYUITests.xctest */ = {isa = PBXFileReference; explicitFileType = wrapper.cfbundle; includeInIndex = 0; path = "COVID TODAYUITests.xctest"; sourceTree = BUILT_PRODUCTS_DIR; };
		551A3FC02523481500BF08B7 /* COVID_TODAYUITests.swift */ = {isa = PBXFileReference; lastKnownFileType = sourcecode.swift; path = COVID_TODAYUITests.swift; sourceTree = "<group>"; };
		551A3FC22523481500BF08B7 /* Info.plist */ = {isa = PBXFileReference; lastKnownFileType = text.plist.xml; path = Info.plist; sourceTree = "<group>"; };
		552DBE452524FEA4001BD23C /* HelpViewController.swift */ = {isa = PBXFileReference; lastKnownFileType = sourcecode.swift; name = HelpViewController.swift; path = "COVID TODAY/VIEW/HelpViewController.swift"; sourceTree = SOURCE_ROOT; };
		554369E925248634008A657F /* CoreData.framework */ = {isa = PBXFileReference; lastKnownFileType = wrapper.framework; name = CoreData.framework; path = System/Library/Frameworks/CoreData.framework; sourceTree = SDKROOT; };
		554369EB252486EA008A657F /* DatabaseHelper.swift */ = {isa = PBXFileReference; lastKnownFileType = sourcecode.swift; name = DatabaseHelper.swift; path = CoreData/DatabaseHelper.swift; sourceTree = SOURCE_ROOT; };
		5555C4BF25D8553F004818BA /* COVID TODAY.entitlements */ = {isa = PBXFileReference; lastKnownFileType = text.plist.entitlements; path = "COVID TODAY.entitlements"; sourceTree = "<group>"; };
		55587A1825D43412004E6952 /* COVIDTodayWidgetExtension.appex */ = {isa = PBXFileReference; explicitFileType = "wrapper.app-extension"; includeInIndex = 0; path = COVIDTodayWidgetExtension.appex; sourceTree = BUILT_PRODUCTS_DIR; };
		55587A1925D43413004E6952 /* WidgetKit.framework */ = {isa = PBXFileReference; lastKnownFileType = wrapper.framework; name = WidgetKit.framework; path = System/Library/Frameworks/WidgetKit.framework; sourceTree = SDKROOT; };
		55587A1B25D43413004E6952 /* SwiftUI.framework */ = {isa = PBXFileReference; lastKnownFileType = wrapper.framework; name = SwiftUI.framework; path = System/Library/Frameworks/SwiftUI.framework; sourceTree = SDKROOT; };
		55587A1E25D43413004E6952 /* COVIDTodayWidget.swift */ = {isa = PBXFileReference; lastKnownFileType = sourcecode.swift; path = COVIDTodayWidget.swift; sourceTree = "<group>"; };
		55587A2025D43413004E6952 /* COVIDTodayWidget.intentdefinition */ = {isa = PBXFileReference; lastKnownFileType = file.intentdefinition; path = COVIDTodayWidget.intentdefinition; sourceTree = "<group>"; };
		55587A2125D43414004E6952 /* Assets.xcassets */ = {isa = PBXFileReference; lastKnownFileType = folder.assetcatalog; path = Assets.xcassets; sourceTree = "<group>"; };
		55587A2325D43414004E6952 /* Info.plist */ = {isa = PBXFileReference; lastKnownFileType = text.plist.xml; path = Info.plist; sourceTree = "<group>"; };
		55587A4025D436C2004E6952 /* COVIDCase.swift */ = {isa = PBXFileReference; lastKnownFileType = sourcecode.swift; path = COVIDCase.swift; sourceTree = "<group>"; };
		55587A4625D439E3004E6952 /* DataProvider.swift */ = {isa = PBXFileReference; lastKnownFileType = sourcecode.swift; path = DataProvider.swift; sourceTree = "<group>"; };
		55587A4D25D43AA2004E6952 /* ctSmallWidget.swift */ = {isa = PBXFileReference; lastKnownFileType = sourcecode.swift; path = ctSmallWidget.swift; sourceTree = "<group>"; };
		55587A5325D43AB2004E6952 /* ctMediumWidget.swift */ = {isa = PBXFileReference; lastKnownFileType = sourcecode.swift; path = ctMediumWidget.swift; sourceTree = "<group>"; };
		5593BCCC252735BC00513E6F /* OnboardingViewController.swift */ = {isa = PBXFileReference; lastKnownFileType = sourcecode.swift; name = OnboardingViewController.swift; path = "COVID TODAY/View/OnboardingViewController.swift"; sourceTree = SOURCE_ROOT; };
		55AC434225242CA5000C988A /* UserProfileDataModel.xcdatamodel */ = {isa = PBXFileReference; lastKnownFileType = wrapper.xcdatamodel; path = UserProfileDataModel.xcdatamodel; sourceTree = "<group>"; };
		55AC434A25242F78000C988A /* ProfileViewController.swift */ = {isa = PBXFileReference; lastKnownFileType = sourcecode.swift; name = ProfileViewController.swift; path = "COVID TODAY/VIEW/ProfileViewController.swift"; sourceTree = SOURCE_ROOT; };
		55AC434F25243C6F000C988A /* AddDetailsViewController.swift */ = {isa = PBXFileReference; lastKnownFileType = sourcecode.swift; name = AddDetailsViewController.swift; path = "COVID TODAY/VIEW/AddDetailsViewController.swift"; sourceTree = SOURCE_ROOT; };
		55E0375425249BEF00ABB409 /* CoronaCaseData.swift */ = {isa = PBXFileReference; lastKnownFileType = sourcecode.swift; path = CoronaCaseData.swift; sourceTree = "<group>"; };
		55E85C58252489D600CFD7CD /* User+CoreDataClass.swift */ = {isa = PBXFileReference; lastKnownFileType = sourcecode.swift; path = "User+CoreDataClass.swift"; sourceTree = "<group>"; };
		55E85C59252489D600CFD7CD /* User+CoreDataProperties.swift */ = {isa = PBXFileReference; lastKnownFileType = sourcecode.swift; path = "User+CoreDataProperties.swift"; sourceTree = "<group>"; };
		55EFAB0B252710FA00DF7659 /* MapCoordinates.swift */ = {isa = PBXFileReference; lastKnownFileType = sourcecode.swift; path = MapCoordinates.swift; sourceTree = "<group>"; };
/* End PBXFileReference section */

/* Begin PBXFrameworksBuildPhase section */
		551A3F982523481400BF08B7 /* Frameworks */ = {
			isa = PBXFrameworksBuildPhase;
			buildActionMask = 2147483647;
			files = (
				55E85C4E2524895300CFD7CD /* CoreData.framework in Frameworks */,
			);
			runOnlyForDeploymentPostprocessing = 0;
		};
		551A3FAE2523481500BF08B7 /* Frameworks */ = {
			isa = PBXFrameworksBuildPhase;
			buildActionMask = 2147483647;
			files = (
			);
			runOnlyForDeploymentPostprocessing = 0;
		};
		551A3FB92523481500BF08B7 /* Frameworks */ = {
			isa = PBXFrameworksBuildPhase;
			buildActionMask = 2147483647;
			files = (
			);
			runOnlyForDeploymentPostprocessing = 0;
		};
		55587A1525D43412004E6952 /* Frameworks */ = {
			isa = PBXFrameworksBuildPhase;
			buildActionMask = 2147483647;
			files = (
				55587A1C25D43413004E6952 /* SwiftUI.framework in Frameworks */,
				55587A1A25D43413004E6952 /* WidgetKit.framework in Frameworks */,
			);
			runOnlyForDeploymentPostprocessing = 0;
		};
/* End PBXFrameworksBuildPhase section */

/* Begin PBXGroup section */
		550930CA252746B600F37BA2 /* CoreData */ = {
			isa = PBXGroup;
			children = (
				55AC434125242CA5000C988A /* UserProfileDataModel.xcdatamodeld */,
				554369EB252486EA008A657F /* DatabaseHelper.swift */,
			);
			path = CoreData;
			sourceTree = "<group>";
		};
		5518AD1625234E2C00A7A102 /* ML Model */ = {
			isa = PBXGroup;
			children = (
				5518AD0725234CCE00A7A102 /* COVIDDetector.mlmodel */,
			);
			path = "ML Model";
			sourceTree = "<group>";
		};
		551A3F922523481400BF08B7 = {
			isa = PBXGroup;
			children = (
				551A3F9D2523481400BF08B7 /* COVID TODAY */,
				550930CA252746B600F37BA2 /* CoreData */,
				551A3FB42523481500BF08B7 /* COVID TODAYTests */,
				551A3FBF2523481500BF08B7 /* COVID TODAYUITests */,
				55587A1D25D43413004E6952 /* COVIDTodayWidget */,
				551A3F9C2523481400BF08B7 /* Products */,
				554369E825248634008A657F /* Frameworks */,
			);
			sourceTree = "<group>";
		};
		551A3F9C2523481400BF08B7 /* Products */ = {
			isa = PBXGroup;
			children = (
				551A3F9B2523481400BF08B7 /* COVID TODAY.app */,
				551A3FB12523481500BF08B7 /* COVID TODAYTests.xctest */,
				551A3FBC2523481500BF08B7 /* COVID TODAYUITests.xctest */,
				55587A1825D43412004E6952 /* COVIDTodayWidgetExtension.appex */,
			);
			name = Products;
			sourceTree = "<group>";
		};
		551A3F9D2523481400BF08B7 /* COVID TODAY */ = {
			isa = PBXGroup;
			children = (
				5555C4BF25D8553F004818BA /* COVID TODAY.entitlements */,
				55E85C58252489D600CFD7CD /* User+CoreDataClass.swift */,
				55E85C59252489D600CFD7CD /* User+CoreDataProperties.swift */,
				551A3F9E2523481400BF08B7 /* AppDelegate.swift */,
				551A3FA02523481400BF08B7 /* SceneDelegate.swift */,
				551A3FAC2523481500BF08B7 /* Info.plist */,
				5518AD1625234E2C00A7A102 /* ML Model */,
				55AC435925244CF3000C988A /* Supporting Files */,
				551A3FD92523486600BF08B7 /* Util */,
				551A3FD82523484B00BF08B7 /* Controllers */,
				551A3FD72523484500BF08B7 /* View */,
				551A3FD62523483C00BF08B7 /* Model */,
			);
			path = "COVID TODAY";
			sourceTree = "<group>";
		};
		551A3FB42523481500BF08B7 /* COVID TODAYTests */ = {
			isa = PBXGroup;
			children = (
				551A3FB52523481500BF08B7 /* COVID_TODAYTests.swift */,
				551A3FB72523481500BF08B7 /* Info.plist */,
			);
			path = "COVID TODAYTests";
			sourceTree = "<group>";
		};
		551A3FBF2523481500BF08B7 /* COVID TODAYUITests */ = {
			isa = PBXGroup;
			children = (
				551A3FC02523481500BF08B7 /* COVID_TODAYUITests.swift */,
				551A3FC22523481500BF08B7 /* Info.plist */,
			);
			path = "COVID TODAYUITests";
			sourceTree = "<group>";
		};
		551A3FD62523483C00BF08B7 /* Model */ = {
			isa = PBXGroup;
			children = (
				55E0375425249BEF00ABB409 /* CoronaCaseData.swift */,
			);
			path = Model;
			sourceTree = "<group>";
		};
		551A3FD72523484500BF08B7 /* View */ = {
			isa = PBXGroup;
			children = (
				551A3FA42523481400BF08B7 /* Main.storyboard */,
			);
			path = View;
			sourceTree = "<group>";
		};
		551A3FD82523484B00BF08B7 /* Controllers */ = {
			isa = PBXGroup;
			children = (
				5502EA0F2525BB7900D8BCAF /* stepsViewController.swift */,
				5502EA0A2525B40F00D8BCAF /* SymptomsViewController.swift */,
				552DBE452524FEA4001BD23C /* HelpViewController.swift */,
				55AC434F25243C6F000C988A /* AddDetailsViewController.swift */,
				55AC434A25242F78000C988A /* ProfileViewController.swift */,
				5518AD22252362D100A7A102 /* PositiveViewController.swift */,
				5518AD27252362DA00A7A102 /* NegativeViewController.swift */,
				5518AD1D25235E1A00A7A102 /* DiagnoseViewController.swift */,
				551A3FA22523481400BF08B7 /* MainViewController.swift */,
			);
			path = Controllers;
			sourceTree = "<group>";
		};
		551A3FD92523486600BF08B7 /* Util */ = {
			isa = PBXGroup;
			children = (
				551A3FA72523481500BF08B7 /* Assets.xcassets */,
				551A3FA92523481500BF08B7 /* LaunchScreen.storyboard */,
			);
			path = Util;
			sourceTree = "<group>";
		};
		554369E825248634008A657F /* Frameworks */ = {
			isa = PBXGroup;
			children = (
				554369E925248634008A657F /* CoreData.framework */,
				55587A1925D43413004E6952 /* WidgetKit.framework */,
				55587A1B25D43413004E6952 /* SwiftUI.framework */,
			);
			name = Frameworks;
			sourceTree = "<group>";
		};
		55587A1D25D43413004E6952 /* COVIDTodayWidget */ = {
			isa = PBXGroup;
			children = (
				55587A4C25D43A6B004E6952 /* WidgetInterface */,
				55587A1E25D43413004E6952 /* COVIDTodayWidget.swift */,
				55587A4625D439E3004E6952 /* DataProvider.swift */,
				55587A4025D436C2004E6952 /* COVIDCase.swift */,
				55587A2025D43413004E6952 /* COVIDTodayWidget.intentdefinition */,
				55587A2125D43414004E6952 /* Assets.xcassets */,
				55587A2325D43414004E6952 /* Info.plist */,
			);
			path = COVIDTodayWidget;
			sourceTree = "<group>";
		};
		55587A4C25D43A6B004E6952 /* WidgetInterface */ = {
			isa = PBXGroup;
			children = (
				55587A4D25D43AA2004E6952 /* ctSmallWidget.swift */,
				55587A5325D43AB2004E6952 /* ctMediumWidget.swift */,
			);
			path = WidgetInterface;
			sourceTree = "<group>";
		};
		55AC435925244CF3000C988A /* Supporting Files */ = {
			isa = PBXGroup;
			children = (
				5593BCCC252735BC00513E6F /* OnboardingViewController.swift */,
				5502EA142526F94800D8BCAF /* HapticFeedback.swift */,
				55EFAB0B252710FA00DF7659 /* MapCoordinates.swift */,
			);
			path = "Supporting Files";
			sourceTree = "<group>";
		};
/* End PBXGroup section */

/* Begin PBXNativeTarget section */
		551A3F9A2523481400BF08B7 /* COVID TODAY */ = {
			isa = PBXNativeTarget;
			buildConfigurationList = 551A3FC52523481500BF08B7 /* Build configuration list for PBXNativeTarget "COVID TODAY" */;
			buildPhases = (
				551A3F972523481400BF08B7 /* Sources */,
				551A3F982523481400BF08B7 /* Frameworks */,
				551A3F992523481400BF08B7 /* Resources */,
				55587A2925D43414004E6952 /* Embed App Extensions */,
			);
			buildRules = (
			);
			dependencies = (
				55587A2725D43414004E6952 /* PBXTargetDependency */,
			);
			name = "COVID TODAY";
			productName = "COVID TODAY";
			productReference = 551A3F9B2523481400BF08B7 /* COVID TODAY.app */;
			productType = "com.apple.product-type.application";
		};
		551A3FB02523481500BF08B7 /* COVID TODAYTests */ = {
			isa = PBXNativeTarget;
			buildConfigurationList = 551A3FC82523481500BF08B7 /* Build configuration list for PBXNativeTarget "COVID TODAYTests" */;
			buildPhases = (
				8BF3FBC2504B7549F5B64BA6 /* [CP] Check Pods Manifest.lock */,
				551A3FAD2523481500BF08B7 /* Sources */,
				551A3FAE2523481500BF08B7 /* Frameworks */,
				551A3FAF2523481500BF08B7 /* Resources */,
			);
			buildRules = (
			);
			dependencies = (
				551A3FB32523481500BF08B7 /* PBXTargetDependency */,
			);
			name = "COVID TODAYTests";
			productName = "COVID TODAYTests";
			productReference = 551A3FB12523481500BF08B7 /* COVID TODAYTests.xctest */;
			productType = "com.apple.product-type.bundle.unit-test";
		};
		551A3FBB2523481500BF08B7 /* COVID TODAYUITests */ = {
			isa = PBXNativeTarget;
			buildConfigurationList = 551A3FCB2523481500BF08B7 /* Build configuration list for PBXNativeTarget "COVID TODAYUITests" */;
			buildPhases = (
				AE540BB82F296B2115DB736B /* [CP] Check Pods Manifest.lock */,
				551A3FB82523481500BF08B7 /* Sources */,
				551A3FB92523481500BF08B7 /* Frameworks */,
				551A3FBA2523481500BF08B7 /* Resources */,
			);
			buildRules = (
			);
			dependencies = (
				551A3FBE2523481500BF08B7 /* PBXTargetDependency */,
			);
			name = "COVID TODAYUITests";
			productName = "COVID TODAYUITests";
			productReference = 551A3FBC2523481500BF08B7 /* COVID TODAYUITests.xctest */;
			productType = "com.apple.product-type.bundle.ui-testing";
		};
		55587A1725D43412004E6952 /* COVIDTodayWidgetExtension */ = {
			isa = PBXNativeTarget;
			buildConfigurationList = 55587A2C25D43414004E6952 /* Build configuration list for PBXNativeTarget "COVIDTodayWidgetExtension" */;
			buildPhases = (
				55587A1425D43412004E6952 /* Sources */,
				55587A1525D43412004E6952 /* Frameworks */,
				55587A1625D43412004E6952 /* Resources */,
			);
			buildRules = (
			);
			dependencies = (
			);
			name = COVIDTodayWidgetExtension;
			productName = COVIDTodayWidgetExtension;
			productReference = 55587A1825D43412004E6952 /* COVIDTodayWidgetExtension.appex */;
			productType = "com.apple.product-type.app-extension";
		};
/* End PBXNativeTarget section */

/* Begin PBXProject section */
		551A3F932523481400BF08B7 /* Project object */ = {
			isa = PBXProject;
			attributes = {
				LastSwiftUpdateCheck = 1240;
				LastUpgradeCheck = 1200;
				TargetAttributes = {
					551A3F9A2523481400BF08B7 = {
						CreatedOnToolsVersion = 12.0;
					};
					551A3FB02523481500BF08B7 = {
						CreatedOnToolsVersion = 12.0;
						TestTargetID = 551A3F9A2523481400BF08B7;
					};
					551A3FBB2523481500BF08B7 = {
						CreatedOnToolsVersion = 12.0;
						TestTargetID = 551A3F9A2523481400BF08B7;
					};
					55587A1725D43412004E6952 = {
						CreatedOnToolsVersion = 12.4;
					};
				};
			};
			buildConfigurationList = 551A3F962523481400BF08B7 /* Build configuration list for PBXProject "COVID TODAY" */;
			compatibilityVersion = "Xcode 9.3";
			developmentRegion = en;
			hasScannedForEncodings = 0;
			knownRegions = (
				en,
				Base,
			);
			mainGroup = 551A3F922523481400BF08B7;
			productRefGroup = 551A3F9C2523481400BF08B7 /* Products */;
			projectDirPath = "";
			projectRoot = "";
			targets = (
				551A3F9A2523481400BF08B7 /* COVID TODAY */,
				551A3FB02523481500BF08B7 /* COVID TODAYTests */,
				551A3FBB2523481500BF08B7 /* COVID TODAYUITests */,
				55587A1725D43412004E6952 /* COVIDTodayWidgetExtension */,
			);
		};
/* End PBXProject section */

/* Begin PBXResourcesBuildPhase section */
		551A3F992523481400BF08B7 /* Resources */ = {
			isa = PBXResourcesBuildPhase;
			buildActionMask = 2147483647;
			files = (
				55E85C472524894300CFD7CD /* LaunchScreen.storyboard in Resources */,
				55E85C432524893D00CFD7CD /* Main.storyboard in Resources */,
				55E85C3F2524893500CFD7CD /* Assets.xcassets in Resources */,
			);
			runOnlyForDeploymentPostprocessing = 0;
		};
		551A3FAF2523481500BF08B7 /* Resources */ = {
			isa = PBXResourcesBuildPhase;
			buildActionMask = 2147483647;
			files = (
			);
			runOnlyForDeploymentPostprocessing = 0;
		};
		551A3FBA2523481500BF08B7 /* Resources */ = {
			isa = PBXResourcesBuildPhase;
			buildActionMask = 2147483647;
			files = (
			);
			runOnlyForDeploymentPostprocessing = 0;
		};
		55587A1625D43412004E6952 /* Resources */ = {
			isa = PBXResourcesBuildPhase;
			buildActionMask = 2147483647;
			files = (
				55587A2225D43414004E6952 /* Assets.xcassets in Resources */,
			);
			runOnlyForDeploymentPostprocessing = 0;
		};
/* End PBXResourcesBuildPhase section */

/* Begin PBXShellScriptBuildPhase section */
		8BF3FBC2504B7549F5B64BA6 /* [CP] Check Pods Manifest.lock */ = {
			isa = PBXShellScriptBuildPhase;
			buildActionMask = 2147483647;
			files = (
			);
			inputFileListPaths = (
			);
			inputPaths = (
				"${PODS_PODFILE_DIR_PATH}/Podfile.lock",
				"${PODS_ROOT}/Manifest.lock",
			);
			name = "[CP] Check Pods Manifest.lock";
			outputFileListPaths = (
			);
			outputPaths = (
				"$(DERIVED_FILE_DIR)/Pods-COVID TODAYTests-checkManifestLockResult.txt",
			);
			runOnlyForDeploymentPostprocessing = 0;
			shellPath = /bin/sh;
			shellScript = "diff \"${PODS_PODFILE_DIR_PATH}/Podfile.lock\" \"${PODS_ROOT}/Manifest.lock\" > /dev/null\nif [ $? != 0 ] ; then\n    # print error to STDERR\n    echo \"error: The sandbox is not in sync with the Podfile.lock. Run 'pod install' or update your CocoaPods installation.\" >&2\n    exit 1\nfi\n# This output is used by Xcode 'outputs' to avoid re-running this script phase.\necho \"SUCCESS\" > \"${SCRIPT_OUTPUT_FILE_0}\"\n";
			showEnvVarsInLog = 0;
		};
		AE540BB82F296B2115DB736B /* [CP] Check Pods Manifest.lock */ = {
			isa = PBXShellScriptBuildPhase;
			buildActionMask = 2147483647;
			files = (
			);
			inputFileListPaths = (
			);
			inputPaths = (
				"${PODS_PODFILE_DIR_PATH}/Podfile.lock",
				"${PODS_ROOT}/Manifest.lock",
			);
			name = "[CP] Check Pods Manifest.lock";
			outputFileListPaths = (
			);
			outputPaths = (
				"$(DERIVED_FILE_DIR)/Pods-COVID TODAY-COVID TODAYUITests-checkManifestLockResult.txt",
			);
			runOnlyForDeploymentPostprocessing = 0;
			shellPath = /bin/sh;
			shellScript = "diff \"${PODS_PODFILE_DIR_PATH}/Podfile.lock\" \"${PODS_ROOT}/Manifest.lock\" > /dev/null\nif [ $? != 0 ] ; then\n    # print error to STDERR\n    echo \"error: The sandbox is not in sync with the Podfile.lock. Run 'pod install' or update your CocoaPods installation.\" >&2\n    exit 1\nfi\n# This output is used by Xcode 'outputs' to avoid re-running this script phase.\necho \"SUCCESS\" > \"${SCRIPT_OUTPUT_FILE_0}\"\n";
			showEnvVarsInLog = 0;
		};
/* End PBXShellScriptBuildPhase section */

/* Begin PBXSourcesBuildPhase section */
		551A3F972523481400BF08B7 /* Sources */ = {
			isa = PBXSourcesBuildPhase;
			buildActionMask = 2147483647;
			files = (
				551A3FA32523481400BF08B7 /* MainViewController.swift in Sources */,
				5518AD1E25235E1A00A7A102 /* DiagnoseViewController.swift in Sources */,
				55E85C5A252489D600CFD7CD /* User+CoreDataClass.swift in Sources */,
				551A3F9F2523481400BF08B7 /* AppDelegate.swift in Sources */,
				5518AD28252362DA00A7A102 /* NegativeViewController.swift in Sources */,
				5502EA102525BB7A00D8BCAF /* stepsViewController.swift in Sources */,
				55AC434325242CA5000C988A /* UserProfileDataModel.xcdatamodeld in Sources */,
				55AC435025243C6F000C988A /* AddDetailsViewController.swift in Sources */,
				5593BCCD252735BC00513E6F /* OnboardingViewController.swift in Sources */,
				55EFAB0C252710FA00DF7659 /* MapCoordinates.swift in Sources */,
				55E0375525249BEF00ABB409 /* CoronaCaseData.swift in Sources */,
				55587A2525D43414004E6952 /* COVIDTodayWidget.intentdefinition in Sources */,
				551A3FA12523481400BF08B7 /* SceneDelegate.swift in Sources */,
				55AC434B25242F78000C988A /* ProfileViewController.swift in Sources */,
				552DBE462524FEA4001BD23C /* HelpViewController.swift in Sources */,
				5518AD0825234CCE00A7A102 /* COVIDDetector.mlmodel in Sources */,
				55E85C5B252489D600CFD7CD /* User+CoreDataProperties.swift in Sources */,
				5502EA0B2525B40F00D8BCAF /* SymptomsViewController.swift in Sources */,
				5518AD23252362D100A7A102 /* PositiveViewController.swift in Sources */,
				5502EA152526F94800D8BCAF /* HapticFeedback.swift in Sources */,
				554369EC252486EA008A657F /* DatabaseHelper.swift in Sources */,
			);
			runOnlyForDeploymentPostprocessing = 0;
		};
		551A3FAD2523481500BF08B7 /* Sources */ = {
			isa = PBXSourcesBuildPhase;
			buildActionMask = 2147483647;
			files = (
				551A3FB62523481500BF08B7 /* COVID_TODAYTests.swift in Sources */,
			);
			runOnlyForDeploymentPostprocessing = 0;
		};
		551A3FB82523481500BF08B7 /* Sources */ = {
			isa = PBXSourcesBuildPhase;
			buildActionMask = 2147483647;
			files = (
				551A3FC12523481500BF08B7 /* COVID_TODAYUITests.swift in Sources */,
			);
			runOnlyForDeploymentPostprocessing = 0;
		};
		55587A1425D43412004E6952 /* Sources */ = {
			isa = PBXSourcesBuildPhase;
			buildActionMask = 2147483647;
			files = (
				55587A3125D43661004E6952 /* CoronaCaseData.swift in Sources */,
				55587A4125D436C2004E6952 /* COVIDCase.swift in Sources */,
				55587A4E25D43AA2004E6952 /* ctSmallWidget.swift in Sources */,
				55587A2425D43414004E6952 /* COVIDTodayWidget.intentdefinition in Sources */,
				55587A1F25D43413004E6952 /* COVIDTodayWidget.swift in Sources */,
				55587A6F25D4D0AC004E6952 /* HapticFeedback.swift in Sources */,
				55587A7925D4D0D0004E6952 /* MapCoordinates.swift in Sources */,
				55587A5425D43AB2004E6952 /* ctMediumWidget.swift in Sources */,
				55587A7425D4D0CD004E6952 /* OnboardingViewController.swift in Sources */,
				55587A5D25D447D2004E6952 /* DataProvider.swift in Sources */,
				55587A6A25D4CD0A004E6952 /* MainViewController.swift in Sources */,
			);
			runOnlyForDeploymentPostprocessing = 0;
		};
/* End PBXSourcesBuildPhase section */

/* Begin PBXTargetDependency section */
		551A3FB32523481500BF08B7 /* PBXTargetDependency */ = {
			isa = PBXTargetDependency;
			target = 551A3F9A2523481400BF08B7 /* COVID TODAY */;
			targetProxy = 551A3FB22523481500BF08B7 /* PBXContainerItemProxy */;
		};
		551A3FBE2523481500BF08B7 /* PBXTargetDependency */ = {
			isa = PBXTargetDependency;
			target = 551A3F9A2523481400BF08B7 /* COVID TODAY */;
			targetProxy = 551A3FBD2523481500BF08B7 /* PBXContainerItemProxy */;
		};
		55587A2725D43414004E6952 /* PBXTargetDependency */ = {
			isa = PBXTargetDependency;
			target = 55587A1725D43412004E6952 /* COVIDTodayWidgetExtension */;
			targetProxy = 55587A2625D43414004E6952 /* PBXContainerItemProxy */;
		};
/* End PBXTargetDependency section */

/* Begin PBXVariantGroup section */
		551A3FA42523481400BF08B7 /* Main.storyboard */ = {
			isa = PBXVariantGroup;
			children = (
				551A3FA52523481400BF08B7 /* Base */,
			);
			name = Main.storyboard;
			sourceTree = "<group>";
		};
		551A3FA92523481500BF08B7 /* LaunchScreen.storyboard */ = {
			isa = PBXVariantGroup;
			children = (
				551A3FAA2523481500BF08B7 /* Base */,
			);
			name = LaunchScreen.storyboard;
			sourceTree = "<group>";
		};
/* End PBXVariantGroup section */

/* Begin XCBuildConfiguration section */
		551A3FC32523481500BF08B7 /* Debug */ = {
			isa = XCBuildConfiguration;
			buildSettings = {
				ALWAYS_SEARCH_USER_PATHS = NO;
				CLANG_ANALYZER_NONNULL = YES;
				CLANG_ANALYZER_NUMBER_OBJECT_CONVERSION = YES_AGGRESSIVE;
				CLANG_CXX_LANGUAGE_STANDARD = "gnu++14";
				CLANG_CXX_LIBRARY = "libc++";
				CLANG_ENABLE_MODULES = YES;
				CLANG_ENABLE_OBJC_ARC = YES;
				CLANG_ENABLE_OBJC_WEAK = YES;
				CLANG_WARN_BLOCK_CAPTURE_AUTORELEASING = YES;
				CLANG_WARN_BOOL_CONVERSION = YES;
				CLANG_WARN_COMMA = YES;
				CLANG_WARN_CONSTANT_CONVERSION = YES;
				CLANG_WARN_DEPRECATED_OBJC_IMPLEMENTATIONS = YES;
				CLANG_WARN_DIRECT_OBJC_ISA_USAGE = YES_ERROR;
				CLANG_WARN_DOCUMENTATION_COMMENTS = YES;
				CLANG_WARN_EMPTY_BODY = YES;
				CLANG_WARN_ENUM_CONVERSION = YES;
				CLANG_WARN_INFINITE_RECURSION = YES;
				CLANG_WARN_INT_CONVERSION = YES;
				CLANG_WARN_NON_LITERAL_NULL_CONVERSION = YES;
				CLANG_WARN_OBJC_IMPLICIT_RETAIN_SELF = YES;
				CLANG_WARN_OBJC_LITERAL_CONVERSION = YES;
				CLANG_WARN_OBJC_ROOT_CLASS = YES_ERROR;
				CLANG_WARN_QUOTED_INCLUDE_IN_FRAMEWORK_HEADER = YES;
				CLANG_WARN_RANGE_LOOP_ANALYSIS = YES;
				CLANG_WARN_STRICT_PROTOTYPES = YES;
				CLANG_WARN_SUSPICIOUS_MOVE = YES;
				CLANG_WARN_UNGUARDED_AVAILABILITY = YES_AGGRESSIVE;
				CLANG_WARN_UNREACHABLE_CODE = YES;
				CLANG_WARN__DUPLICATE_METHOD_MATCH = YES;
				COPY_PHASE_STRIP = NO;
				DEBUG_INFORMATION_FORMAT = dwarf;
				ENABLE_STRICT_OBJC_MSGSEND = YES;
				ENABLE_TESTABILITY = YES;
				GCC_C_LANGUAGE_STANDARD = gnu11;
				GCC_DYNAMIC_NO_PIC = NO;
				GCC_NO_COMMON_BLOCKS = YES;
				GCC_OPTIMIZATION_LEVEL = 0;
				GCC_PREPROCESSOR_DEFINITIONS = (
					"DEBUG=1",
					"$(inherited)",
				);
				GCC_WARN_64_TO_32_BIT_CONVERSION = YES;
				GCC_WARN_ABOUT_RETURN_TYPE = YES_ERROR;
				GCC_WARN_UNDECLARED_SELECTOR = YES;
				GCC_WARN_UNINITIALIZED_AUTOS = YES_AGGRESSIVE;
				GCC_WARN_UNUSED_FUNCTION = YES;
				GCC_WARN_UNUSED_VARIABLE = YES;
				IPHONEOS_DEPLOYMENT_TARGET = 14.0;
				MTL_ENABLE_DEBUG_INFO = INCLUDE_SOURCE;
				MTL_FAST_MATH = YES;
				ONLY_ACTIVE_ARCH = YES;
				SDKROOT = iphoneos;
				SWIFT_ACTIVE_COMPILATION_CONDITIONS = DEBUG;
				SWIFT_OPTIMIZATION_LEVEL = "-Onone";
			};
			name = Debug;
		};
		551A3FC42523481500BF08B7 /* Release */ = {
			isa = XCBuildConfiguration;
			buildSettings = {
				ALWAYS_SEARCH_USER_PATHS = NO;
				CLANG_ANALYZER_NONNULL = YES;
				CLANG_ANALYZER_NUMBER_OBJECT_CONVERSION = YES_AGGRESSIVE;
				CLANG_CXX_LANGUAGE_STANDARD = "gnu++14";
				CLANG_CXX_LIBRARY = "libc++";
				CLANG_ENABLE_MODULES = YES;
				CLANG_ENABLE_OBJC_ARC = YES;
				CLANG_ENABLE_OBJC_WEAK = YES;
				CLANG_WARN_BLOCK_CAPTURE_AUTORELEASING = YES;
				CLANG_WARN_BOOL_CONVERSION = YES;
				CLANG_WARN_COMMA = YES;
				CLANG_WARN_CONSTANT_CONVERSION = YES;
				CLANG_WARN_DEPRECATED_OBJC_IMPLEMENTATIONS = YES;
				CLANG_WARN_DIRECT_OBJC_ISA_USAGE = YES_ERROR;
				CLANG_WARN_DOCUMENTATION_COMMENTS = YES;
				CLANG_WARN_EMPTY_BODY = YES;
				CLANG_WARN_ENUM_CONVERSION = YES;
				CLANG_WARN_INFINITE_RECURSION = YES;
				CLANG_WARN_INT_CONVERSION = YES;
				CLANG_WARN_NON_LITERAL_NULL_CONVERSION = YES;
				CLANG_WARN_OBJC_IMPLICIT_RETAIN_SELF = YES;
				CLANG_WARN_OBJC_LITERAL_CONVERSION = YES;
				CLANG_WARN_OBJC_ROOT_CLASS = YES_ERROR;
				CLANG_WARN_QUOTED_INCLUDE_IN_FRAMEWORK_HEADER = YES;
				CLANG_WARN_RANGE_LOOP_ANALYSIS = YES;
				CLANG_WARN_STRICT_PROTOTYPES = YES;
				CLANG_WARN_SUSPICIOUS_MOVE = YES;
				CLANG_WARN_UNGUARDED_AVAILABILITY = YES_AGGRESSIVE;
				CLANG_WARN_UNREACHABLE_CODE = YES;
				CLANG_WARN__DUPLICATE_METHOD_MATCH = YES;
				COPY_PHASE_STRIP = NO;
				DEBUG_INFORMATION_FORMAT = "dwarf-with-dsym";
				ENABLE_NS_ASSERTIONS = NO;
				ENABLE_STRICT_OBJC_MSGSEND = YES;
				GCC_C_LANGUAGE_STANDARD = gnu11;
				GCC_NO_COMMON_BLOCKS = YES;
				GCC_WARN_64_TO_32_BIT_CONVERSION = YES;
				GCC_WARN_ABOUT_RETURN_TYPE = YES_ERROR;
				GCC_WARN_UNDECLARED_SELECTOR = YES;
				GCC_WARN_UNINITIALIZED_AUTOS = YES_AGGRESSIVE;
				GCC_WARN_UNUSED_FUNCTION = YES;
				GCC_WARN_UNUSED_VARIABLE = YES;
				IPHONEOS_DEPLOYMENT_TARGET = 14.0;
				MTL_ENABLE_DEBUG_INFO = NO;
				MTL_FAST_MATH = YES;
				SDKROOT = iphoneos;
				SWIFT_COMPILATION_MODE = wholemodule;
				SWIFT_OPTIMIZATION_LEVEL = "-O";
				VALIDATE_PRODUCT = YES;
			};
			name = Release;
		};
		551A3FC62523481500BF08B7 /* Debug */ = {
			isa = XCBuildConfiguration;
			buildSettings = {
				ALWAYS_EMBED_SWIFT_STANDARD_LIBRARIES = YES;
				ASSETCATALOG_COMPILER_APPICON_NAME = AppIcon;
				ASSETCATALOG_COMPILER_GLOBAL_ACCENT_COLOR_NAME = AccentColor;
				CODE_SIGN_ENTITLEMENTS = "COVID TODAY/COVID TODAY.entitlements";
				CODE_SIGN_STYLE = Automatic;
				DEVELOPMENT_TEAM = GJM8829Q7N;
				INFOPLIST_FILE = "COVID TODAY/Info.plist";
				LD_RUNPATH_SEARCH_PATHS = (
					"$(inherited)",
					"@executable_path/Frameworks",
				);
				PRODUCT_BUNDLE_IDENTIFIER = "com.gokulnair.COVID-TODAY";
				PRODUCT_NAME = "$(TARGET_NAME)";
				SWIFT_VERSION = 5.0;
				TARGETED_DEVICE_FAMILY = "1,2";
			};
			name = Debug;
		};
		551A3FC72523481500BF08B7 /* Release */ = {
			isa = XCBuildConfiguration;
			buildSettings = {
				ALWAYS_EMBED_SWIFT_STANDARD_LIBRARIES = YES;
				ASSETCATALOG_COMPILER_APPICON_NAME = AppIcon;
				ASSETCATALOG_COMPILER_GLOBAL_ACCENT_COLOR_NAME = AccentColor;
				CODE_SIGN_ENTITLEMENTS = "COVID TODAY/COVID TODAY.entitlements";
				CODE_SIGN_STYLE = Automatic;
				DEVELOPMENT_TEAM = GJM8829Q7N;
				INFOPLIST_FILE = "COVID TODAY/Info.plist";
				LD_RUNPATH_SEARCH_PATHS = (
					"$(inherited)",
					"@executable_path/Frameworks",
				);
				PRODUCT_BUNDLE_IDENTIFIER = "com.gokulnair.COVID-TODAY";
				PRODUCT_NAME = "$(TARGET_NAME)";
				SWIFT_VERSION = 5.0;
				TARGETED_DEVICE_FAMILY = "1,2";
			};
			name = Release;
		};
		551A3FC92523481500BF08B7 /* Debug */ = {
			isa = XCBuildConfiguration;
			buildSettings = {
				ALWAYS_EMBED_SWIFT_STANDARD_LIBRARIES = YES;
				BUNDLE_LOADER = "$(TEST_HOST)";
				CODE_SIGN_STYLE = Automatic;
				DEVELOPMENT_TEAM = GJM8829Q7N;
				INFOPLIST_FILE = "COVID TODAYTests/Info.plist";
				IPHONEOS_DEPLOYMENT_TARGET = 14.0;
				LD_RUNPATH_SEARCH_PATHS = (
					"$(inherited)",
					"@executable_path/Frameworks",
					"@loader_path/Frameworks",
				);
				PRODUCT_BUNDLE_IDENTIFIER = "com.gokulnair.COVID-TODAYTests";
				PRODUCT_NAME = "$(TARGET_NAME)";
				SWIFT_VERSION = 5.0;
				TARGETED_DEVICE_FAMILY = "1,2";
				TEST_HOST = "$(BUILT_PRODUCTS_DIR)/COVID TODAY.app/COVID TODAY";
			};
			name = Debug;
		};
		551A3FCA2523481500BF08B7 /* Release */ = {
			isa = XCBuildConfiguration;
			buildSettings = {
				ALWAYS_EMBED_SWIFT_STANDARD_LIBRARIES = YES;
				BUNDLE_LOADER = "$(TEST_HOST)";
				CODE_SIGN_STYLE = Automatic;
				DEVELOPMENT_TEAM = GJM8829Q7N;
				INFOPLIST_FILE = "COVID TODAYTests/Info.plist";
				IPHONEOS_DEPLOYMENT_TARGET = 14.0;
				LD_RUNPATH_SEARCH_PATHS = (
					"$(inherited)",
					"@executable_path/Frameworks",
					"@loader_path/Frameworks",
				);
				PRODUCT_BUNDLE_IDENTIFIER = "com.gokulnair.COVID-TODAYTests";
				PRODUCT_NAME = "$(TARGET_NAME)";
				SWIFT_VERSION = 5.0;
				TARGETED_DEVICE_FAMILY = "1,2";
				TEST_HOST = "$(BUILT_PRODUCTS_DIR)/COVID TODAY.app/COVID TODAY";
			};
			name = Release;
		};
		551A3FCC2523481500BF08B7 /* Debug */ = {
			isa = XCBuildConfiguration;
			buildSettings = {
				ALWAYS_EMBED_SWIFT_STANDARD_LIBRARIES = YES;
				CODE_SIGN_STYLE = Automatic;
				DEVELOPMENT_TEAM = GJM8829Q7N;
				INFOPLIST_FILE = "COVID TODAYUITests/Info.plist";
				LD_RUNPATH_SEARCH_PATHS = (
					"$(inherited)",
					"@executable_path/Frameworks",
					"@loader_path/Frameworks",
				);
				PRODUCT_BUNDLE_IDENTIFIER = "com.gokulnair.COVID-TODAYUITests";
				PRODUCT_NAME = "$(TARGET_NAME)";
				SWIFT_VERSION = 5.0;
				TARGETED_DEVICE_FAMILY = "1,2";
				TEST_TARGET_NAME = "COVID TODAY";
			};
			name = Debug;
		};
		551A3FCD2523481500BF08B7 /* Release */ = {
			isa = XCBuildConfiguration;
			buildSettings = {
				ALWAYS_EMBED_SWIFT_STANDARD_LIBRARIES = YES;
				CODE_SIGN_STYLE = Automatic;
				DEVELOPMENT_TEAM = GJM8829Q7N;
				INFOPLIST_FILE = "COVID TODAYUITests/Info.plist";
				LD_RUNPATH_SEARCH_PATHS = (
					"$(inherited)",
					"@executable_path/Frameworks",
					"@loader_path/Frameworks",
				);
				PRODUCT_BUNDLE_IDENTIFIER = "com.gokulnair.COVID-TODAYUITests";
				PRODUCT_NAME = "$(TARGET_NAME)";
				SWIFT_VERSION = 5.0;
				TARGETED_DEVICE_FAMILY = "1,2";
				TEST_TARGET_NAME = "COVID TODAY";
			};
			name = Release;
		};
		55587A2A25D43414004E6952 /* Debug */ = {
			isa = XCBuildConfiguration;
			buildSettings = {
				ASSETCATALOG_COMPILER_GLOBAL_ACCENT_COLOR_NAME = AccentColor;
				ASSETCATALOG_COMPILER_WIDGET_BACKGROUND_COLOR_NAME = WidgetBackground;
				CODE_SIGN_STYLE = Automatic;
				DEVELOPMENT_TEAM = GJM8829Q7N;
				INFOPLIST_FILE = COVIDTodayWidget/Info.plist;
				IPHONEOS_DEPLOYMENT_TARGET = 14.4;
				LD_RUNPATH_SEARCH_PATHS = (
					"$(inherited)",
					"@executable_path/Frameworks",
					"@executable_path/../../Frameworks",
				);
				PRODUCT_BUNDLE_IDENTIFIER = "com.gokulnair.COVID-TODAY.COVIDTodayWidget";
				PRODUCT_NAME = "$(TARGET_NAME)";
				SKIP_INSTALL = YES;
				SWIFT_VERSION = 5.0;
				TARGETED_DEVICE_FAMILY = "1,2";
			};
			name = Debug;
		};
		55587A2B25D43414004E6952 /* Release */ = {
			isa = XCBuildConfiguration;
			buildSettings = {
				ASSETCATALOG_COMPILER_GLOBAL_ACCENT_COLOR_NAME = AccentColor;
				ASSETCATALOG_COMPILER_WIDGET_BACKGROUND_COLOR_NAME = WidgetBackground;
				CODE_SIGN_STYLE = Automatic;
				DEVELOPMENT_TEAM = GJM8829Q7N;
				INFOPLIST_FILE = COVIDTodayWidget/Info.plist;
				IPHONEOS_DEPLOYMENT_TARGET = 14.4;
				LD_RUNPATH_SEARCH_PATHS = (
					"$(inherited)",
					"@executable_path/Frameworks",
					"@executable_path/../../Frameworks",
				);
				PRODUCT_BUNDLE_IDENTIFIER = "com.gokulnair.COVID-TODAY.COVIDTodayWidget";
				PRODUCT_NAME = "$(TARGET_NAME)";
				SKIP_INSTALL = YES;
				SWIFT_VERSION = 5.0;
				TARGETED_DEVICE_FAMILY = "1,2";
			};
			name = Release;
		};
/* End XCBuildConfiguration section */

/* Begin XCConfigurationList section */
		551A3F962523481400BF08B7 /* Build configuration list for PBXProject "COVID TODAY" */ = {
			isa = XCConfigurationList;
			buildConfigurations = (
				551A3FC32523481500BF08B7 /* Debug */,
				551A3FC42523481500BF08B7 /* Release */,
			);
			defaultConfigurationIsVisible = 0;
			defaultConfigurationName = Release;
		};
		551A3FC52523481500BF08B7 /* Build configuration list for PBXNativeTarget "COVID TODAY" */ = {
			isa = XCConfigurationList;
			buildConfigurations = (
				551A3FC62523481500BF08B7 /* Debug */,
				551A3FC72523481500BF08B7 /* Release */,
			);
			defaultConfigurationIsVisible = 0;
			defaultConfigurationName = Release;
		};
		551A3FC82523481500BF08B7 /* Build configuration list for PBXNativeTarget "COVID TODAYTests" */ = {
			isa = XCConfigurationList;
			buildConfigurations = (
				551A3FC92523481500BF08B7 /* Debug */,
				551A3FCA2523481500BF08B7 /* Release */,
			);
			defaultConfigurationIsVisible = 0;
			defaultConfigurationName = Release;
		};
		551A3FCB2523481500BF08B7 /* Build configuration list for PBXNativeTarget "COVID TODAYUITests" */ = {
			isa = XCConfigurationList;
			buildConfigurations = (
				551A3FCC2523481500BF08B7 /* Debug */,
				551A3FCD2523481500BF08B7 /* Release */,
			);
			defaultConfigurationIsVisible = 0;
			defaultConfigurationName = Release;
		};
		55587A2C25D43414004E6952 /* Build configuration list for PBXNativeTarget "COVIDTodayWidgetExtension" */ = {
			isa = XCConfigurationList;
			buildConfigurations = (
				55587A2A25D43414004E6952 /* Debug */,
				55587A2B25D43414004E6952 /* Release */,
			);
			defaultConfigurationIsVisible = 0;
			defaultConfigurationName = Release;
		};
/* End XCConfigurationList section */

/* Begin XCVersionGroup section */
		55AC434125242CA5000C988A /* UserProfileDataModel.xcdatamodeld */ = {
			isa = XCVersionGroup;
			children = (
				55AC434225242CA5000C988A /* UserProfileDataModel.xcdatamodel */,
			);
			currentVersion = 55AC434225242CA5000C988A /* UserProfileDataModel.xcdatamodel */;
			path = UserProfileDataModel.xcdatamodeld;
			sourceTree = "<group>";
			versionGroupType = wrapper.xcdatamodel;
		};
/* End XCVersionGroup section */
	};
	rootObject = 551A3F932523481400BF08B7 /* Project object */;
}
